
Microsoft Visual Studio Solution File, Format Version 12.00
# Visual Studio Version 17
VisualStudioVersion = 17.13.35931.197 d17.13
MinimumVisualStudioVersion = 10.0.40219.1
Project("{FAE04EC0-301F-11D3-BF4B-00C04F79EFBC}") = "LineFinder", "LineFinder.csproj", "{AB7DD880-39EF-487E-8514-2D19CCE70C5A}"
EndProject
Global
	GlobalSection(SolutionConfigurationPlatforms) = preSolution
		Debug|Any CPU = Debug|Any CPU
		Release|Any CPU = Release|Any CPU
	EndGlobalSection
	GlobalSection(ProjectConfigurationPlatforms) = postSolution
		{AB7DD880-39EF-487E-8514-2D19CCE70C5A}.Debug|Any CPU.ActiveCfg = Debug|Any CPU
		{AB7DD880-39EF-487E-8514-2D19CCE70C5A}.Debug|Any CPU.Build.0 = Debug|Any CPU
		{AB7DD880-39EF-487E-8514-2D19CCE70C5A}.Release|Any CPU.ActiveCfg = Release|Any CPU
		{AB7DD880-39EF-487E-8514-2D19CCE70C5A}.Release|Any CPU.Build.0 = Release|Any CPU
	EndGlobalSection
	GlobalSection(SolutionProperties) = preSolution
		HideSolutionNode = FALSE
	EndGlobalSection
	GlobalSection(ExtensibilityGlobals) = postSolution
		SolutionGuid = {623CBEAD-E107-4DE5-A1C2-6ACA70A30E20}
	EndGlobalSection
EndGlobal
